// !$*UTF8*$!
{
	archiveVersion = 1;
	classes = {
	};
	objectVersion = 50;
	objects = {

/* Begin PBXBuildFile section */
		3FD7FA032692A4B10007063E /* AppDelegate.swift in Sources */ = {isa = PBXBuildFile; fileRef = 3FD7FA022692A4B10007063E /* AppDelegate.swift */; };
		3FD7FA052692A4B10007063E /* SceneDelegate.swift in Sources */ = {isa = PBXBuildFile; fileRef = 3FD7FA042692A4B10007063E /* SceneDelegate.swift */; };
		3FD7FA072692A4B10007063E /* ViewController.swift in Sources */ = {isa = PBXBuildFile; fileRef = 3FD7FA062692A4B10007063E /* ViewController.swift */; };
		3FD7FA0A2692A4B10007063E /* Main.storyboard in Resources */ = {isa = PBXBuildFile; fileRef = 3FD7FA082692A4B10007063E /* Main.storyboard */; };
		3FD7FA0C2692A4B30007063E /* Assets.xcassets in Resources */ = {isa = PBXBuildFile; fileRef = 3FD7FA0B2692A4B30007063E /* Assets.xcassets */; };
		3FD7FA0F2692A4B30007063E /* LaunchScreen.storyboard in Resources */ = {isa = PBXBuildFile; fileRef = 3FD7FA0D2692A4B30007063E /* LaunchScreen.storyboard */; };
		3FD7FA1A2692A4B30007063E /* ZhongHaoCE03Tests.swift in Sources */ = {isa = PBXBuildFile; fileRef = 3FD7FA192692A4B30007063E /* ZhongHaoCE03Tests.swift */; };
		3FD7FA252692A4B30007063E /* ZhongHaoCE03UITests.swift in Sources */ = {isa = PBXBuildFile; fileRef = 3FD7FA242692A4B30007063E /* ZhongHaoCE03UITests.swift */; };
		3FD7FA332692AF980007063E /* Logo.swift in Sources */ = {isa = PBXBuildFile; fileRef = 3FD7FA322692AF980007063E /* Logo.swift */; };
		3FD7FA352692B0EA0007063E /* Color.swift in Sources */ = {isa = PBXBuildFile; fileRef = 3FD7FA342692B0EA0007063E /* Color.swift */; };
/* End PBXBuildFile section */

/* Begin PBXContainerItemProxy section */
		3FD7FA162692A4B30007063E /* PBXContainerItemProxy */ = {
			isa = PBXContainerItemProxy;
			containerPortal = 3FD7F9F72692A4B10007063E /* Project object */;
			proxyType = 1;
			remoteGlobalIDString = 3FD7F9FE2692A4B10007063E;
			remoteInfo = ZhongHaoCE03;
		};
		3FD7FA212692A4B30007063E /* PBXContainerItemProxy */ = {
			isa = PBXContainerItemProxy;
			containerPortal = 3FD7F9F72692A4B10007063E /* Project object */;
			proxyType = 1;
			remoteGlobalIDString = 3FD7F9FE2692A4B10007063E;
			remoteInfo = ZhongHaoCE03;
		};
/* End PBXContainerItemProxy section */

/* Begin PBXFileReference section */
		3FD7F9FF2692A4B10007063E /* ZhongHaoCE03.app */ = {isa = PBXFileReference; explicitFileType = wrapper.application; includeInIndex = 0; path = ZhongHaoCE03.app; sourceTree = BUILT_PRODUCTS_DIR; };
		3FD7FA022692A4B10007063E /* AppDelegate.swift */ = {isa = PBXFileReference; lastKnownFileType = sourcecode.swift; path = AppDelegate.swift; sourceTree = "<group>"; };
		3FD7FA042692A4B10007063E /* SceneDelegate.swift */ = {isa = PBXFileReference; lastKnownFileType = sourcecode.swift; path = SceneDelegate.swift; sourceTree = "<group>"; };
		3FD7FA062692A4B10007063E /* ViewController.swift */ = {isa = PBXFileReference; lastKnownFileType = sourcecode.swift; path = ViewController.swift; sourceTree = "<group>"; };
		3FD7FA092692A4B10007063E /* Base */ = {isa = PBXFileReference; lastKnownFileType = file.storyboard; name = Base; path = Base.lproj/Main.storyboard; sourceTree = "<group>"; };
		3FD7FA0B2692A4B30007063E /* Assets.xcassets */ = {isa = PBXFileReference; lastKnownFileType = folder.assetcatalog; path = Assets.xcassets; sourceTree = "<group>"; };
		3FD7FA0E2692A4B30007063E /* Base */ = {isa = PBXFileReference; lastKnownFileType = file.storyboard; name = Base; path = Base.lproj/LaunchScreen.storyboard; sourceTree = "<group>"; };
		3FD7FA102692A4B30007063E /* Info.plist */ = {isa = PBXFileReference; lastKnownFileType = text.plist.xml; path = Info.plist; sourceTree = "<group>"; };
		3FD7FA152692A4B30007063E /* ZhongHaoCE03Tests.xctest */ = {isa = PBXFileReference; explicitFileType = wrapper.cfbundle; includeInIndex = 0; path = ZhongHaoCE03Tests.xctest; sourceTree = BUILT_PRODUCTS_DIR; };
		3FD7FA192692A4B30007063E /* ZhongHaoCE03Tests.swift */ = {isa = PBXFileReference; lastKnownFileType = sourcecode.swift; path = ZhongHaoCE03Tests.swift; sourceTree = "<group>"; };
		3FD7FA1B2692A4B30007063E /* Info.plist */ = {isa = PBXFileReference; lastKnownFileType = text.plist.xml; path = Info.plist; sourceTree = "<group>"; };
		3FD7FA202692A4B30007063E /* ZhongHaoCE03UITests.xctest */ = {isa = PBXFileReference; explicitFileType = wrapper.cfbundle; includeInIndex = 0; path = ZhongHaoCE03UITests.xctest; sourceTree = BUILT_PRODUCTS_DIR; };
		3FD7FA242692A4B30007063E /* ZhongHaoCE03UITests.swift */ = {isa = PBXFileReference; lastKnownFileType = sourcecode.swift; path = ZhongHaoCE03UITests.swift; sourceTree = "<group>"; };
		3FD7FA262692A4B30007063E /* Info.plist */ = {isa = PBXFileReference; lastKnownFileType = text.plist.xml; path = Info.plist; sourceTree = "<group>"; };
		3FD7FA322692AF980007063E /* Logo.swift */ = {isa = PBXFileReference; lastKnownFileType = sourcecode.swift; path = Logo.swift; sourceTree = "<group>"; };
		3FD7FA342692B0EA0007063E /* Color.swift */ = {isa = PBXFileReference; lastKnownFileType = sourcecode.swift; path = Color.swift; sourceTree = "<group>"; };
/* End PBXFileReference section */

/* Begin PBXFrameworksBuildPhase section */
		3FD7F9FC2692A4B10007063E /* Frameworks */ = {
			isa = PBXFrameworksBuildPhase;
			buildActionMask = 2147483647;
			files = (
			);
			runOnlyForDeploymentPostprocessing = 0;
		};
		3FD7FA122692A4B30007063E /* Frameworks */ = {
			isa = PBXFrameworksBuildPhase;
			buildActionMask = 2147483647;
			files = (
			);
			runOnlyForDeploymentPostprocessing = 0;
		};
		3FD7FA1D2692A4B30007063E /* Frameworks */ = {
			isa = PBXFrameworksBuildPhase;
			buildActionMask = 2147483647;
			files = (
			);
			runOnlyForDeploymentPostprocessing = 0;
		};
/* End PBXFrameworksBuildPhase section */

/* Begin PBXGroup section */
		3FD7F9F62692A4B10007063E = {
			isa = PBXGroup;
			children = (
				3FD7FA012692A4B10007063E /* ZhongHaoCE03 */,
				3FD7FA182692A4B30007063E /* ZhongHaoCE03Tests */,
				3FD7FA232692A4B30007063E /* ZhongHaoCE03UITests */,
				3FD7FA002692A4B10007063E /* Products */,
			);
			sourceTree = "<group>";
		};
		3FD7FA002692A4B10007063E /* Products */ = {
			isa = PBXGroup;
			children = (
				3FD7F9FF2692A4B10007063E /* ZhongHaoCE03.app */,
				3FD7FA152692A4B30007063E /* ZhongHaoCE03Tests.xctest */,
				3FD7FA202692A4B30007063E /* ZhongHaoCE03UITests.xctest */,
			);
			name = Products;
			sourceTree = "<group>";
		};
		3FD7FA012692A4B10007063E /* ZhongHaoCE03 */ = {
			isa = PBXGroup;
			children = (
				3FD7FA022692A4B10007063E /* AppDelegate.swift */,
				3FD7FA042692A4B10007063E /* SceneDelegate.swift */,
				3FD7FA062692A4B10007063E /* ViewController.swift */,
				3FD7FA082692A4B10007063E /* Main.storyboard */,
				3FD7FA0B2692A4B30007063E /* Assets.xcassets */,
				3FD7FA0D2692A4B30007063E /* LaunchScreen.storyboard */,
				3FD7FA102692A4B30007063E /* Info.plist */,
				3FD7FA322692AF980007063E /* Logo.swift */,
				3FD7FA342692B0EA0007063E /* Color.swift */,
			);
			path = ZhongHaoCE03;
			sourceTree = "<group>";
		};
		3FD7FA182692A4B30007063E /* ZhongHaoCE03Tests */ = {
			isa = PBXGroup;
			children = (
				3FD7FA192692A4B30007063E /* ZhongHaoCE03Tests.swift */,
				3FD7FA1B2692A4B30007063E /* Info.plist */,
			);
			path = ZhongHaoCE03Tests;
			sourceTree = "<group>";
		};
		3FD7FA232692A4B30007063E /* ZhongHaoCE03UITests */ = {
			isa = PBXGroup;
			children = (
				3FD7FA242692A4B30007063E /* ZhongHaoCE03UITests.swift */,
				3FD7FA262692A4B30007063E /* Info.plist */,
			);
			path = ZhongHaoCE03UITests;
			sourceTree = "<group>";
		};
/* End PBXGroup section */

/* Begin PBXNativeTarget section */
		3FD7F9FE2692A4B10007063E /* ZhongHaoCE03 */ = {
			isa = PBXNativeTarget;
			buildConfigurationList = 3FD7FA292692A4B30007063E /* Build configuration list for PBXNativeTarget "ZhongHaoCE03" */;
			buildPhases = (
				3FD7F9FB2692A4B10007063E /* Sources */,
				3FD7F9FC2692A4B10007063E /* Frameworks */,
				3FD7F9FD2692A4B10007063E /* Resources */,
			);
			buildRules = (
			);
			dependencies = (
			);
			name = ZhongHaoCE03;
			productName = ZhongHaoCE03;
			productReference = 3FD7F9FF2692A4B10007063E /* ZhongHaoCE03.app */;
			productType = "com.apple.product-type.application";
		};
		3FD7FA142692A4B30007063E /* ZhongHaoCE03Tests */ = {
			isa = PBXNativeTarget;
			buildConfigurationList = 3FD7FA2C2692A4B30007063E /* Build configuration list for PBXNativeTarget "ZhongHaoCE03Tests" */;
			buildPhases = (
				3FD7FA112692A4B30007063E /* Sources */,
				3FD7FA122692A4B30007063E /* Frameworks */,
				3FD7FA132692A4B30007063E /* Resources */,
			);
			buildRules = (
			);
			dependencies = (
				3FD7FA172692A4B30007063E /* PBXTargetDependency */,
			);
			name = ZhongHaoCE03Tests;
			productName = ZhongHaoCE03Tests;
			productReference = 3FD7FA152692A4B30007063E /* ZhongHaoCE03Tests.xctest */;
			productType = "com.apple.product-type.bundle.unit-test";
		};
		3FD7FA1F2692A4B30007063E /* ZhongHaoCE03UITests */ = {
			isa = PBXNativeTarget;
			buildConfigurationList = 3FD7FA2F2692A4B30007063E /* Build configuration list for PBXNativeTarget "ZhongHaoCE03UITests" */;
			buildPhases = (
				3FD7FA1C2692A4B30007063E /* Sources */,
				3FD7FA1D2692A4B30007063E /* Frameworks */,
				3FD7FA1E2692A4B30007063E /* Resources */,
			);
			buildRules = (
			);
			dependencies = (
				3FD7FA222692A4B30007063E /* PBXTargetDependency */,
			);
			name = ZhongHaoCE03UITests;
			productName = ZhongHaoCE03UITests;
			productReference = 3FD7FA202692A4B30007063E /* ZhongHaoCE03UITests.xctest */;
			productType = "com.apple.product-type.bundle.ui-testing";
		};
/* End PBXNativeTarget section */

/* Begin PBXProject section */
		3FD7F9F72692A4B10007063E /* Project object */ = {
			isa = PBXProject;
			attributes = {
				LastSwiftUpdateCheck = 1250;
				LastUpgradeCheck = 1250;
				TargetAttributes = {
					3FD7F9FE2692A4B10007063E = {
						CreatedOnToolsVersion = 12.5.1;
					};
					3FD7FA142692A4B30007063E = {
						CreatedOnToolsVersion = 12.5.1;
						TestTargetID = 3FD7F9FE2692A4B10007063E;
					};
					3FD7FA1F2692A4B30007063E = {
						CreatedOnToolsVersion = 12.5.1;
						TestTargetID = 3FD7F9FE2692A4B10007063E;
					};
				};
			};
			buildConfigurationList = 3FD7F9FA2692A4B10007063E /* Build configuration list for PBXProject "ZhongHaoCE03" */;
			compatibilityVersion = "Xcode 9.3";
			developmentRegion = en;
			hasScannedForEncodings = 0;
			knownRegions = (
				en,
				Base,
			);
			mainGroup = 3FD7F9F62692A4B10007063E;
			productRefGroup = 3FD7FA002692A4B10007063E /* Products */;
			projectDirPath = "";
			projectRoot = "";
			targets = (
				3FD7F9FE2692A4B10007063E /* ZhongHaoCE03 */,
				3FD7FA142692A4B30007063E /* ZhongHaoCE03Tests */,
				3FD7FA1F2692A4B30007063E /* ZhongHaoCE03UITests */,
			);
		};
/* End PBXProject section */

/* Begin PBXResourcesBuildPhase section */
		3FD7F9FD2692A4B10007063E /* Resources */ = {
			isa = PBXResourcesBuildPhase;
			buildActionMask = 2147483647;
			files = (
				3FD7FA0F2692A4B30007063E /* LaunchScreen.storyboard in Resources */,
				3FD7FA0C2692A4B30007063E /* Assets.xcassets in Resources */,
				3FD7FA0A2692A4B10007063E /* Main.storyboard in Resources */,
			);
			runOnlyForDeploymentPostprocessing = 0;
		};
		3FD7FA132692A4B30007063E /* Resources */ = {
			isa = PBXResourcesBuildPhase;
			buildActionMask = 2147483647;
			files = (
			);
			runOnlyForDeploymentPostprocessing = 0;
		};
		3FD7FA1E2692A4B30007063E /* Resources */ = {
			isa = PBXResourcesBuildPhase;
			buildActionMask = 2147483647;
			files = (
			);
			runOnlyForDeploymentPostprocessing = 0;
		};
/* End PBXResourcesBuildPhase section */

/* Begin PBXSourcesBuildPhase section */
		3FD7F9FB2692A4B10007063E /* Sources */ = {
			isa = PBXSourcesBuildPhase;
			buildActionMask = 2147483647;
			files = (
				3FD7FA072692A4B10007063E /* ViewController.swift in Sources */,
				3FD7FA032692A4B10007063E /* AppDelegate.swift in Sources */,
				3FD7FA332692AF980007063E /* Logo.swift in Sources */,
				3FD7FA352692B0EA0007063E /* Color.swift in Sources */,
				3FD7FA052692A4B10007063E /* SceneDelegate.swift in Sources */,
			);
			runOnlyForDeploymentPostprocessing = 0;
		};
		3FD7FA112692A4B30007063E /* Sources */ = {
			isa = PBXSourcesBuildPhase;
			buildActionMask = 2147483647;
			files = (
				3FD7FA1A2692A4B30007063E /* ZhongHaoCE03Tests.swift in Sources */,
			);
			runOnlyForDeploymentPostprocessing = 0;
		};
		3FD7FA1C2692A4B30007063E /* Sources */ = {
			isa = PBXSourcesBuildPhase;
			buildActionMask = 2147483647;
			files = (
				3FD7FA252692A4B30007063E /* ZhongHaoCE03UITests.swift in Sources */,
			);
			runOnlyForDeploymentPostprocessing = 0;
		};
/* End PBXSourcesBuildPhase section */

/* Begin PBXTargetDependency section */
		3FD7FA172692A4B30007063E /* PBXTargetDependency */ = {
			isa = PBXTargetDependency;
			target = 3FD7F9FE2692A4B10007063E /* ZhongHaoCE03 */;
			targetProxy = 3FD7FA162692A4B30007063E /* PBXContainerItemProxy */;
		};
		3FD7FA222692A4B30007063E /* PBXTargetDependency */ = {
			isa = PBXTargetDependency;
			target = 3FD7F9FE2692A4B10007063E /* ZhongHaoCE03 */;
			targetProxy = 3FD7FA212692A4B30007063E /* PBXContainerItemProxy */;
		};
/* End PBXTargetDependency section */

/* Begin PBXVariantGroup section */
		3FD7FA082692A4B10007063E /* Main.storyboard */ = {
			isa = PBXVariantGroup;
			children = (
				3FD7FA092692A4B10007063E /* Base */,
			);
			name = Main.storyboard;
			sourceTree = "<group>";
		};
		3FD7FA0D2692A4B30007063E /* LaunchScreen.storyboard */ = {
			isa = PBXVariantGroup;
			children = (
				3FD7FA0E2692A4B30007063E /* Base */,
			);
			name = LaunchScreen.storyboard;
			sourceTree = "<group>";
		};
/* End PBXVariantGroup section */

/* Begin XCBuildConfiguration section */
		3FD7FA272692A4B30007063E /* Debug */ = {
			isa = XCBuildConfiguration;
			buildSettings = {
				ALWAYS_SEARCH_USER_PATHS = NO;
				CLANG_ANALYZER_NONNULL = YES;
				CLANG_ANALYZER_NUMBER_OBJECT_CONVERSION = YES_AGGRESSIVE;
				CLANG_CXX_LANGUAGE_STANDARD = "gnu++14";
				CLANG_CXX_LIBRARY = "libc++";
				CLANG_ENABLE_MODULES = YES;
				CLANG_ENABLE_OBJC_ARC = YES;
				CLANG_ENABLE_OBJC_WEAK = YES;
				CLANG_WARN_BLOCK_CAPTURE_AUTORELEASING = YES;
				CLANG_WARN_BOOL_CONVERSION = YES;
				CLANG_WARN_COMMA = YES;
				CLANG_WARN_CONSTANT_CONVERSION = YES;
				CLANG_WARN_DEPRECATED_OBJC_IMPLEMENTATIONS = YES;
				CLANG_WARN_DIRECT_OBJC_ISA_USAGE = YES_ERROR;
				CLANG_WARN_DOCUMENTATION_COMMENTS = YES;
				CLANG_WARN_EMPTY_BODY = YES;
				CLANG_WARN_ENUM_CONVERSION = YES;
				CLANG_WARN_INFINITE_RECURSION = YES;
				CLANG_WARN_INT_CONVERSION = YES;
				CLANG_WARN_NON_LITERAL_NULL_CONVERSION = YES;
				CLANG_WARN_OBJC_IMPLICIT_RETAIN_SELF = YES;
				CLANG_WARN_OBJC_LITERAL_CONVERSION = YES;
				CLANG_WARN_OBJC_ROOT_CLASS = YES_ERROR;
				CLANG_WARN_QUOTED_INCLUDE_IN_FRAMEWORK_HEADER = YES;
				CLANG_WARN_RANGE_LOOP_ANALYSIS = YES;
				CLANG_WARN_STRICT_PROTOTYPES = YES;
				CLANG_WARN_SUSPICIOUS_MOVE = YES;
				CLANG_WARN_UNGUARDED_AVAILABILITY = YES_AGGRESSIVE;
				CLANG_WARN_UNREACHABLE_CODE = YES;
				CLANG_WARN__DUPLICATE_METHOD_MATCH = YES;
				COPY_PHASE_STRIP = NO;
				DEBUG_INFORMATION_FORMAT = dwarf;
				ENABLE_STRICT_OBJC_MSGSEND = YES;
				ENABLE_TESTABILITY = YES;
				GCC_C_LANGUAGE_STANDARD = gnu11;
				GCC_DYNAMIC_NO_PIC = NO;
				GCC_NO_COMMON_BLOCKS = YES;
				GCC_OPTIMIZATION_LEVEL = 0;
				GCC_PREPROCESSOR_DEFINITIONS = (
					"DEBUG=1",
					"$(inherited)",
				);
				GCC_WARN_64_TO_32_BIT_CONVERSION = YES;
				GCC_WARN_ABOUT_RETURN_TYPE = YES_ERROR;
				GCC_WARN_UNDECLARED_SELECTOR = YES;
				GCC_WARN_UNINITIALIZED_AUTOS = YES_AGGRESSIVE;
				GCC_WARN_UNUSED_FUNCTION = YES;
				GCC_WARN_UNUSED_VARIABLE = YES;
				IPHONEOS_DEPLOYMENT_TARGET = 14.5;
				MTL_ENABLE_DEBUG_INFO = INCLUDE_SOURCE;
				MTL_FAST_MATH = YES;
				ONLY_ACTIVE_ARCH = YES;
				SDKROOT = iphoneos;
				SWIFT_ACTIVE_COMPILATION_CONDITIONS = DEBUG;
				SWIFT_OPTIMIZATION_LEVEL = "-Onone";
			};
			name = Debug;
		};
		3FD7FA282692A4B30007063E /* Release */ = {
			isa = XCBuildConfiguration;
			buildSettings = {
				ALWAYS_SEARCH_USER_PATHS = NO;
				CLANG_ANALYZER_NONNULL = YES;
				CLANG_ANALYZER_NUMBER_OBJECT_CONVERSION = YES_AGGRESSIVE;
				CLANG_CXX_LANGUAGE_STANDARD = "gnu++14";
				CLANG_CXX_LIBRARY = "libc++";
				CLANG_ENABLE_MODULES = YES;
				CLANG_ENABLE_OBJC_ARC = YES;
				CLANG_ENABLE_OBJC_WEAK = YES;
				CLANG_WARN_BLOCK_CAPTURE_AUTORELEASING = YES;
				CLANG_WARN_BOOL_CONVERSION = YES;
				CLANG_WARN_COMMA = YES;
				CLANG_WARN_CONSTANT_CONVERSION = YES;
				CLANG_WARN_DEPRECATED_OBJC_IMPLEMENTATIONS = YES;
				CLANG_WARN_DIRECT_OBJC_ISA_USAGE = YES_ERROR;
				CLANG_WARN_DOCUMENTATION_COMMENTS = YES;
				CLANG_WARN_EMPTY_BODY = YES;
				CLANG_WARN_ENUM_CONVERSION = YES;
				CLANG_WARN_INFINITE_RECURSION = YES;
				CLANG_WARN_INT_CONVERSION = YES;
				CLANG_WARN_NON_LITERAL_NULL_CONVERSION = YES;
				CLANG_WARN_OBJC_IMPLICIT_RETAIN_SELF = YES;
				CLANG_WARN_OBJC_LITERAL_CONVERSION = YES;
				CLANG_WARN_OBJC_ROOT_CLASS = YES_ERROR;
				CLANG_WARN_QUOTED_INCLUDE_IN_FRAMEWORK_HEADER = YES;
				CLANG_WARN_RANGE_LOOP_ANALYSIS = YES;
				CLANG_WARN_STRICT_PROTOTYPES = YES;
				CLANG_WARN_SUSPICIOUS_MOVE = YES;
				CLANG_WARN_UNGUARDED_AVAILABILITY = YES_AGGRESSIVE;
				CLANG_WARN_UNREACHABLE_CODE = YES;
				CLANG_WARN__DUPLICATE_METHOD_MATCH = YES;
				COPY_PHASE_STRIP = NO;
				DEBUG_INFORMATION_FORMAT = "dwarf-with-dsym";
				ENABLE_NS_ASSERTIONS = NO;
				ENABLE_STRICT_OBJC_MSGSEND = YES;
				GCC_C_LANGUAGE_STANDARD = gnu11;
				GCC_NO_COMMON_BLOCKS = YES;
				GCC_WARN_64_TO_32_BIT_CONVERSION = YES;
				GCC_WARN_ABOUT_RETURN_TYPE = YES_ERROR;
				GCC_WARN_UNDECLARED_SELECTOR = YES;
				GCC_WARN_UNINITIALIZED_AUTOS = YES_AGGRESSIVE;
				GCC_WARN_UNUSED_FUNCTION = YES;
				GCC_WARN_UNUSED_VARIABLE = YES;
				IPHONEOS_DEPLOYMENT_TARGET = 14.5;
				MTL_ENABLE_DEBUG_INFO = NO;
				MTL_FAST_MATH = YES;
				SDKROOT = iphoneos;
				SWIFT_COMPILATION_MODE = wholemodule;
				SWIFT_OPTIMIZATION_LEVEL = "-O";
				VALIDATE_PRODUCT = YES;
			};
			name = Release;
		};
		3FD7FA2A2692A4B30007063E /* Debug */ = {
			isa = XCBuildConfiguration;
			buildSettings = {
				ASSETCATALOG_COMPILER_APPICON_NAME = AppIcon;
				ASSETCATALOG_COMPILER_GLOBAL_ACCENT_COLOR_NAME = AccentColor;
				CODE_SIGN_STYLE = Automatic;
				DEVELOPMENT_TEAM = D45VE7748L;
				INFOPLIST_FILE = ZhongHaoCE03/Info.plist;
				LD_RUNPATH_SEARCH_PATHS = (
					"$(inherited)",
					"@executable_path/Frameworks",
				);
				PRODUCT_BUNDLE_IDENTIFIER = com.HaoZhong.ZhongHaoCE03;
				PRODUCT_NAME = "$(TARGET_NAME)";
				SWIFT_VERSION = 5.0;
				TARGETED_DEVICE_FAMILY = "1,2";
			};
			name = Debug;
		};
		3FD7FA2B2692A4B30007063E /* Release */ = {
			isa = XCBuildConfiguration;
			buildSettings = {
				ASSETCATALOG_COMPILER_APPICON_NAME = AppIcon;
				ASSETCATALOG_COMPILER_GLOBAL_ACCENT_COLOR_NAME = AccentColor;
				CODE_SIGN_STYLE = Automatic;
				DEVELOPMENT_TEAM = D45VE7748L;
				INFOPLIST_FILE = ZhongHaoCE03/Info.plist;
				LD_RUNPATH_SEARCH_PATHS = (
					"$(inherited)",
					"@executable_path/Frameworks",
				);
				PRODUCT_BUNDLE_IDENTIFIER = com.HaoZhong.ZhongHaoCE03;
				PRODUCT_NAME = "$(TARGET_NAME)";
				SWIFT_VERSION = 5.0;
				TARGETED_DEVICE_FAMILY = "1,2";
			};
			name = Release;
		};
		3FD7FA2D2692A4B30007063E /* Debug */ = {
			isa = XCBuildConfiguration;
			buildSettings = {
				ALWAYS_EMBED_SWIFT_STANDARD_LIBRARIES = YES;
				BUNDLE_LOADER = "$(TEST_HOST)";
				CODE_SIGN_STYLE = Automatic;
				DEVELOPMENT_TEAM = D45VE7748L;
				INFOPLIST_FILE = ZhongHaoCE03Tests/Info.plist;
				IPHONEOS_DEPLOYMENT_TARGET = 14.5;
				LD_RUNPATH_SEARCH_PATHS = (
					"$(inherited)",
					"@executable_path/Frameworks",
					"@loader_path/Frameworks",
				);
				PRODUCT_BUNDLE_IDENTIFIER = com.HaoZhong.ZhongHaoCE03Tests;
				PRODUCT_NAME = "$(TARGET_NAME)";
				SWIFT_VERSION = 5.0;
				TARGETED_DEVICE_FAMILY = "1,2";
				TEST_HOST = "$(BUILT_PRODUCTS_DIR)/ZhongHaoCE03.app/ZhongHaoCE03";
			};
			name = Debug;
		};
		3FD7FA2E2692A4B30007063E /* Release */ = {
			isa = XCBuildConfiguration;
			buildSettings = {
				ALWAYS_EMBED_SWIFT_STANDARD_LIBRARIES = YES;
				BUNDLE_LOADER = "$(TEST_HOST)";
				CODE_SIGN_STYLE = Automatic;
				DEVELOPMENT_TEAM = D45VE7748L;
				INFOPLIST_FILE = ZhongHaoCE03Tests/Info.plist;
				IPHONEOS_DEPLOYMENT_TARGET = 14.5;
				LD_RUNPATH_SEARCH_PATHS = (
					"$(inherited)",
					"@executable_path/Frameworks",
					"@loader_path/Frameworks",
				);
				PRODUCT_BUNDLE_IDENTIFIER = com.HaoZhong.ZhongHaoCE03Tests;
				PRODUCT_NAME = "$(TARGET_NAME)";
				SWIFT_VERSION = 5.0;
				TARGETED_DEVICE_FAMILY = "1,2";
				TEST_HOST = "$(BUILT_PRODUCTS_DIR)/ZhongHaoCE03.app/ZhongHaoCE03";
			};
			name = Release;
		};
		3FD7FA302692A4B30007063E /* Debug */ = {
			isa = XCBuildConfiguration;
			buildSettings = {
				ALWAYS_EMBED_SWIFT_STANDARD_LIBRARIES = YES;
				CODE_SIGN_STYLE = Automatic;
				DEVELOPMENT_TEAM = D45VE7748L;
				INFOPLIST_FILE = ZhongHaoCE03UITests/Info.plist;
				LD_RUNPATH_SEARCH_PATHS = (
					"$(inherited)",
					"@executable_path/Frameworks",
					"@loader_path/Frameworks",
				);
				PRODUCT_BUNDLE_IDENTIFIER = com.HaoZhong.ZhongHaoCE03UITests;
				PRODUCT_NAME = "$(TARGET_NAME)";
				SWIFT_VERSION = 5.0;
				TARGETED_DEVICE_FAMILY = "1,2";
				TEST_TARGET_NAME = ZhongHaoCE03;
			};
			name = Debug;
		};
		3FD7FA312692A4B30007063E /* Release */ = {
			isa = XCBuildConfiguration;
			buildSettings = {
				ALWAYS_EMBED_SWIFT_STANDARD_LIBRARIES = YES;
				CODE_SIGN_STYLE = Automatic;
				DEVELOPMENT_TEAM = D45VE7748L;
				INFOPLIST_FILE = ZhongHaoCE03UITests/Info.plist;
				LD_RUNPATH_SEARCH_PATHS = (
					"$(inherited)",
					"@executable_path/Frameworks",
					"@loader_path/Frameworks",
				);
				PRODUCT_BUNDLE_IDENTIFIER = com.HaoZhong.ZhongHaoCE03UITests;
				PRODUCT_NAME = "$(TARGET_NAME)";
				SWIFT_VERSION = 5.0;
				TARGETED_DEVICE_FAMILY = "1,2";
				TEST_TARGET_NAME = ZhongHaoCE03;
			};
			name = Release;
		};
/* End XCBuildConfiguration section */

/* Begin XCConfigurationList section */
		3FD7F9FA2692A4B10007063E /* Build configuration list for PBXProject "ZhongHaoCE03" */ = {
			isa = XCConfigurationList;
			buildConfigurations = (
				3FD7FA272692A4B30007063E /* Debug */,
				3FD7FA282692A4B30007063E /* Release */,
			);
			defaultConfigurationIsVisible = 0;
			defaultConfigurationName = Release;
		};
		3FD7FA292692A4B30007063E /* Build configuration list for PBXNativeTarget "ZhongHaoCE03" */ = {
			isa = XCConfigurationList;
			buildConfigurations = (
				3FD7FA2A2692A4B30007063E /* Debug */,
				3FD7FA2B2692A4B30007063E /* Release */,
			);
			defaultConfigurationIsVisible = 0;
			defaultConfigurationName = Release;
		};
		3FD7FA2C2692A4B30007063E /* Build configuration list for PBXNativeTarget "ZhongHaoCE03Tests" */ = {
			isa = XCConfigurationList;
			buildConfigurations = (
				3FD7FA2D2692A4B30007063E /* Debug */,
				3FD7FA2E2692A4B30007063E /* Release */,
			);
			defaultConfigurationIsVisible = 0;
			defaultConfigurationName = Release;
		};
		3FD7FA2F2692A4B30007063E /* Build configuration list for PBXNativeTarget "ZhongHaoCE03UITests" */ = {
			isa = XCConfigurationList;
			buildConfigurations = (
				3FD7FA302692A4B30007063E /* Debug */,
				3FD7FA312692A4B30007063E /* Release */,
			);
			defaultConfigurationIsVisible = 0;
			defaultConfigurationName = Release;
		};
/* End XCConfigurationList section */
	};
	rootObject = 3FD7F9F72692A4B10007063E /* Project object */;
}
