// !$*UTF8*$!
{
	archiveVersion = 1;
	classes = {
	};
	objectVersion = 50;
	objects = {

/* Begin PBXBuildFile section */
		3FD7F9C1269100340007063E /* AppDelegate.swift in Sources */ = {isa = PBXBuildFile; fileRef = 3FD7F9C0269100340007063E /* AppDelegate.swift */; };
		3FD7F9C3269100340007063E /* SceneDelegate.swift in Sources */ = {isa = PBXBuildFile; fileRef = 3FD7F9C2269100340007063E /* SceneDelegate.swift */; };
		3FD7F9C5269100340007063E /* ViewController.swift in Sources */ = {isa = PBXBuildFile; fileRef = 3FD7F9C4269100340007063E /* ViewController.swift */; };
		3FD7F9C8269100340007063E /* Main.storyboard in Resources */ = {isa = PBXBuildFile; fileRef = 3FD7F9C6269100340007063E /* Main.storyboard */; };
		3FD7F9CA269100360007063E /* Assets.xcassets in Resources */ = {isa = PBXBuildFile; fileRef = 3FD7F9C9269100360007063E /* Assets.xcassets */; };
		3FD7F9CD269100360007063E /* LaunchScreen.storyboard in Resources */ = {isa = PBXBuildFile; fileRef = 3FD7F9CB269100360007063E /* LaunchScreen.storyboard */; };
		3FD7F9D8269100360007063E /* ZhongHaoCE02Tests.swift in Sources */ = {isa = PBXBuildFile; fileRef = 3FD7F9D7269100360007063E /* ZhongHaoCE02Tests.swift */; };
		3FD7F9E3269100360007063E /* ZhongHaoCE02UITests.swift in Sources */ = {isa = PBXBuildFile; fileRef = 3FD7F9E2269100360007063E /* ZhongHaoCE02UITests.swift */; };
		3FD7F9F12691006B0007063E /* EmployeeData.json in Resources */ = {isa = PBXBuildFile; fileRef = 3FD7F9F02691006B0007063E /* EmployeeData.json */; };
		3FD7F9F3269106B00007063E /* Employee.swift in Sources */ = {isa = PBXBuildFile; fileRef = 3FD7F9F2269106B00007063E /* Employee.swift */; };
		3FD7F9F52692023F0007063E /* Employer.swift in Sources */ = {isa = PBXBuildFile; fileRef = 3FD7F9F42692023F0007063E /* Employer.swift */; };
/* End PBXBuildFile section */

/* Begin PBXContainerItemProxy section */
		3FD7F9D4269100360007063E /* PBXContainerItemProxy */ = {
			isa = PBXContainerItemProxy;
			containerPortal = 3FD7F9B5269100340007063E /* Project object */;
			proxyType = 1;
			remoteGlobalIDString = 3FD7F9BC269100340007063E;
			remoteInfo = ZhongHaoCE02;
		};
		3FD7F9DF269100360007063E /* PBXContainerItemProxy */ = {
			isa = PBXContainerItemProxy;
			containerPortal = 3FD7F9B5269100340007063E /* Project object */;
			proxyType = 1;
			remoteGlobalIDString = 3FD7F9BC269100340007063E;
			remoteInfo = ZhongHaoCE02;
		};
/* End PBXContainerItemProxy section */

/* Begin PBXFileReference section */
		3FD7F9BD269100340007063E /* ZhongHaoCE02.app */ = {isa = PBXFileReference; explicitFileType = wrapper.application; includeInIndex = 0; path = ZhongHaoCE02.app; sourceTree = BUILT_PRODUCTS_DIR; };
		3FD7F9C0269100340007063E /* AppDelegate.swift */ = {isa = PBXFileReference; lastKnownFileType = sourcecode.swift; path = AppDelegate.swift; sourceTree = "<group>"; };
		3FD7F9C2269100340007063E /* SceneDelegate.swift */ = {isa = PBXFileReference; lastKnownFileType = sourcecode.swift; path = SceneDelegate.swift; sourceTree = "<group>"; };
		3FD7F9C4269100340007063E /* ViewController.swift */ = {isa = PBXFileReference; lastKnownFileType = sourcecode.swift; path = ViewController.swift; sourceTree = "<group>"; };
		3FD7F9C7269100340007063E /* Base */ = {isa = PBXFileReference; lastKnownFileType = file.storyboard; name = Base; path = Base.lproj/Main.storyboard; sourceTree = "<group>"; };
		3FD7F9C9269100360007063E /* Assets.xcassets */ = {isa = PBXFileReference; lastKnownFileType = folder.assetcatalog; path = Assets.xcassets; sourceTree = "<group>"; };
		3FD7F9CC269100360007063E /* Base */ = {isa = PBXFileReference; lastKnownFileType = file.storyboard; name = Base; path = Base.lproj/LaunchScreen.storyboard; sourceTree = "<group>"; };
		3FD7F9CE269100360007063E /* Info.plist */ = {isa = PBXFileReference; lastKnownFileType = text.plist.xml; path = Info.plist; sourceTree = "<group>"; };
		3FD7F9D3269100360007063E /* ZhongHaoCE02Tests.xctest */ = {isa = PBXFileReference; explicitFileType = wrapper.cfbundle; includeInIndex = 0; path = ZhongHaoCE02Tests.xctest; sourceTree = BUILT_PRODUCTS_DIR; };
		3FD7F9D7269100360007063E /* ZhongHaoCE02Tests.swift */ = {isa = PBXFileReference; lastKnownFileType = sourcecode.swift; path = ZhongHaoCE02Tests.swift; sourceTree = "<group>"; };
		3FD7F9D9269100360007063E /* Info.plist */ = {isa = PBXFileReference; lastKnownFileType = text.plist.xml; path = Info.plist; sourceTree = "<group>"; };
		3FD7F9DE269100360007063E /* ZhongHaoCE02UITests.xctest */ = {isa = PBXFileReference; explicitFileType = wrapper.cfbundle; includeInIndex = 0; path = ZhongHaoCE02UITests.xctest; sourceTree = BUILT_PRODUCTS_DIR; };
		3FD7F9E2269100360007063E /* ZhongHaoCE02UITests.swift */ = {isa = PBXFileReference; lastKnownFileType = sourcecode.swift; path = ZhongHaoCE02UITests.swift; sourceTree = "<group>"; };
		3FD7F9E4269100360007063E /* Info.plist */ = {isa = PBXFileReference; lastKnownFileType = text.plist.xml; path = Info.plist; sourceTree = "<group>"; };
		3FD7F9F02691006B0007063E /* EmployeeData.json */ = {isa = PBXFileReference; fileEncoding = 4; lastKnownFileType = text.json; path = EmployeeData.json; sourceTree = "<group>"; };
		3FD7F9F2269106B00007063E /* Employee.swift */ = {isa = PBXFileReference; lastKnownFileType = sourcecode.swift; path = Employee.swift; sourceTree = "<group>"; };
		3FD7F9F42692023F0007063E /* Employer.swift */ = {isa = PBXFileReference; lastKnownFileType = sourcecode.swift; path = Employer.swift; sourceTree = "<group>"; };
/* End PBXFileReference section */

/* Begin PBXFrameworksBuildPhase section */
		3FD7F9BA269100340007063E /* Frameworks */ = {
			isa = PBXFrameworksBuildPhase;
			buildActionMask = 2147483647;
			files = (
			);
			runOnlyForDeploymentPostprocessing = 0;
		};
		3FD7F9D0269100360007063E /* Frameworks */ = {
			isa = PBXFrameworksBuildPhase;
			buildActionMask = 2147483647;
			files = (
			);
			runOnlyForDeploymentPostprocessing = 0;
		};
		3FD7F9DB269100360007063E /* Frameworks */ = {
			isa = PBXFrameworksBuildPhase;
			buildActionMask = 2147483647;
			files = (
			);
			runOnlyForDeploymentPostprocessing = 0;
		};
/* End PBXFrameworksBuildPhase section */

/* Begin PBXGroup section */
		3FD7F9B4269100340007063E = {
			isa = PBXGroup;
			children = (
				3FD7F9BF269100340007063E /* ZhongHaoCE02 */,
				3FD7F9D6269100360007063E /* ZhongHaoCE02Tests */,
				3FD7F9E1269100360007063E /* ZhongHaoCE02UITests */,
				3FD7F9BE269100340007063E /* Products */,
			);
			sourceTree = "<group>";
		};
		3FD7F9BE269100340007063E /* Products */ = {
			isa = PBXGroup;
			children = (
				3FD7F9BD269100340007063E /* ZhongHaoCE02.app */,
				3FD7F9D3269100360007063E /* ZhongHaoCE02Tests.xctest */,
				3FD7F9DE269100360007063E /* ZhongHaoCE02UITests.xctest */,
			);
			name = Products;
			sourceTree = "<group>";
		};
		3FD7F9BF269100340007063E /* ZhongHaoCE02 */ = {
			isa = PBXGroup;
			children = (
				3FD7F9C0269100340007063E /* AppDelegate.swift */,
				3FD7F9C2269100340007063E /* SceneDelegate.swift */,
				3FD7F9C4269100340007063E /* ViewController.swift */,
				3FD7F9F02691006B0007063E /* EmployeeData.json */,
				3FD7F9C6269100340007063E /* Main.storyboard */,
				3FD7F9C9269100360007063E /* Assets.xcassets */,
				3FD7F9CB269100360007063E /* LaunchScreen.storyboard */,
				3FD7F9CE269100360007063E /* Info.plist */,
				3FD7F9F2269106B00007063E /* Employee.swift */,
				3FD7F9F42692023F0007063E /* Employer.swift */,
			);
			path = ZhongHaoCE02;
			sourceTree = "<group>";
		};
		3FD7F9D6269100360007063E /* ZhongHaoCE02Tests */ = {
			isa = PBXGroup;
			children = (
				3FD7F9D7269100360007063E /* ZhongHaoCE02Tests.swift */,
				3FD7F9D9269100360007063E /* Info.plist */,
			);
			path = ZhongHaoCE02Tests;
			sourceTree = "<group>";
		};
		3FD7F9E1269100360007063E /* ZhongHaoCE02UITests */ = {
			isa = PBXGroup;
			children = (
				3FD7F9E2269100360007063E /* ZhongHaoCE02UITests.swift */,
				3FD7F9E4269100360007063E /* Info.plist */,
			);
			path = ZhongHaoCE02UITests;
			sourceTree = "<group>";
		};
/* End PBXGroup section */

/* Begin PBXNativeTarget section */
		3FD7F9BC269100340007063E /* ZhongHaoCE02 */ = {
			isa = PBXNativeTarget;
			buildConfigurationList = 3FD7F9E7269100360007063E /* Build configuration list for PBXNativeTarget "ZhongHaoCE02" */;
			buildPhases = (
				3FD7F9B9269100340007063E /* Sources */,
				3FD7F9BA269100340007063E /* Frameworks */,
				3FD7F9BB269100340007063E /* Resources */,
			);
			buildRules = (
			);
			dependencies = (
			);
			name = ZhongHaoCE02;
			productName = ZhongHaoCE02;
			productReference = 3FD7F9BD269100340007063E /* ZhongHaoCE02.app */;
			productType = "com.apple.product-type.application";
		};
		3FD7F9D2269100360007063E /* ZhongHaoCE02Tests */ = {
			isa = PBXNativeTarget;
			buildConfigurationList = 3FD7F9EA269100360007063E /* Build configuration list for PBXNativeTarget "ZhongHaoCE02Tests" */;
			buildPhases = (
				3FD7F9CF269100360007063E /* Sources */,
				3FD7F9D0269100360007063E /* Frameworks */,
				3FD7F9D1269100360007063E /* Resources */,
			);
			buildRules = (
			);
			dependencies = (
				3FD7F9D5269100360007063E /* PBXTargetDependency */,
			);
			name = ZhongHaoCE02Tests;
			productName = ZhongHaoCE02Tests;
			productReference = 3FD7F9D3269100360007063E /* ZhongHaoCE02Tests.xctest */;
			productType = "com.apple.product-type.bundle.unit-test";
		};
		3FD7F9DD269100360007063E /* ZhongHaoCE02UITests */ = {
			isa = PBXNativeTarget;
			buildConfigurationList = 3FD7F9ED269100360007063E /* Build configuration list for PBXNativeTarget "ZhongHaoCE02UITests" */;
			buildPhases = (
				3FD7F9DA269100360007063E /* Sources */,
				3FD7F9DB269100360007063E /* Frameworks */,
				3FD7F9DC269100360007063E /* Resources */,
			);
			buildRules = (
			);
			dependencies = (
				3FD7F9E0269100360007063E /* PBXTargetDependency */,
			);
			name = ZhongHaoCE02UITests;
			productName = ZhongHaoCE02UITests;
			productReference = 3FD7F9DE269100360007063E /* ZhongHaoCE02UITests.xctest */;
			productType = "com.apple.product-type.bundle.ui-testing";
		};
/* End PBXNativeTarget section */

/* Begin PBXProject section */
		3FD7F9B5269100340007063E /* Project object */ = {
			isa = PBXProject;
			attributes = {
				LastSwiftUpdateCheck = 1250;
				LastUpgradeCheck = 1250;
				TargetAttributes = {
					3FD7F9BC269100340007063E = {
						CreatedOnToolsVersion = 12.5.1;
					};
					3FD7F9D2269100360007063E = {
						CreatedOnToolsVersion = 12.5.1;
						TestTargetID = 3FD7F9BC269100340007063E;
					};
					3FD7F9DD269100360007063E = {
						CreatedOnToolsVersion = 12.5.1;
						TestTargetID = 3FD7F9BC269100340007063E;
					};
				};
			};
			buildConfigurationList = 3FD7F9B8269100340007063E /* Build configuration list for PBXProject "ZhongHaoCE02" */;
			compatibilityVersion = "Xcode 9.3";
			developmentRegion = en;
			hasScannedForEncodings = 0;
			knownRegions = (
				en,
				Base,
			);
			mainGroup = 3FD7F9B4269100340007063E;
			productRefGroup = 3FD7F9BE269100340007063E /* Products */;
			projectDirPath = "";
			projectRoot = "";
			targets = (
				3FD7F9BC269100340007063E /* ZhongHaoCE02 */,
				3FD7F9D2269100360007063E /* ZhongHaoCE02Tests */,
				3FD7F9DD269100360007063E /* ZhongHaoCE02UITests */,
			);
		};
/* End PBXProject section */

/* Begin PBXResourcesBuildPhase section */
		3FD7F9BB269100340007063E /* Resources */ = {
			isa = PBXResourcesBuildPhase;
			buildActionMask = 2147483647;
			files = (
				3FD7F9CD269100360007063E /* LaunchScreen.storyboard in Resources */,
				3FD7F9CA269100360007063E /* Assets.xcassets in Resources */,
				3FD7F9C8269100340007063E /* Main.storyboard in Resources */,
				3FD7F9F12691006B0007063E /* EmployeeData.json in Resources */,
			);
			runOnlyForDeploymentPostprocessing = 0;
		};
		3FD7F9D1269100360007063E /* Resources */ = {
			isa = PBXResourcesBuildPhase;
			buildActionMask = 2147483647;
			files = (
			);
			runOnlyForDeploymentPostprocessing = 0;
		};
		3FD7F9DC269100360007063E /* Resources */ = {
			isa = PBXResourcesBuildPhase;
			buildActionMask = 2147483647;
			files = (
			);
			runOnlyForDeploymentPostprocessing = 0;
		};
/* End PBXResourcesBuildPhase section */

/* Begin PBXSourcesBuildPhase section */
		3FD7F9B9269100340007063E /* Sources */ = {
			isa = PBXSourcesBuildPhase;
			buildActionMask = 2147483647;
			files = (
				3FD7F9C5269100340007063E /* ViewController.swift in Sources */,
				3FD7F9F3269106B00007063E /* Employee.swift in Sources */,
				3FD7F9C1269100340007063E /* AppDelegate.swift in Sources */,
				3FD7F9F52692023F0007063E /* Employer.swift in Sources */,
				3FD7F9C3269100340007063E /* SceneDelegate.swift in Sources */,
			);
			runOnlyForDeploymentPostprocessing = 0;
		};
		3FD7F9CF269100360007063E /* Sources */ = {
			isa = PBXSourcesBuildPhase;
			buildActionMask = 2147483647;
			files = (
				3FD7F9D8269100360007063E /* ZhongHaoCE02Tests.swift in Sources */,
			);
			runOnlyForDeploymentPostprocessing = 0;
		};
		3FD7F9DA269100360007063E /* Sources */ = {
			isa = PBXSourcesBuildPhase;
			buildActionMask = 2147483647;
			files = (
				3FD7F9E3269100360007063E /* ZhongHaoCE02UITests.swift in Sources */,
			);
			runOnlyForDeploymentPostprocessing = 0;
		};
/* End PBXSourcesBuildPhase section */

/* Begin PBXTargetDependency section */
		3FD7F9D5269100360007063E /* PBXTargetDependency */ = {
			isa = PBXTargetDependency;
			target = 3FD7F9BC269100340007063E /* ZhongHaoCE02 */;
			targetProxy = 3FD7F9D4269100360007063E /* PBXContainerItemProxy */;
		};
		3FD7F9E0269100360007063E /* PBXTargetDependency */ = {
			isa = PBXTargetDependency;
			target = 3FD7F9BC269100340007063E /* ZhongHaoCE02 */;
			targetProxy = 3FD7F9DF269100360007063E /* PBXContainerItemProxy */;
		};
/* End PBXTargetDependency section */

/* Begin PBXVariantGroup section */
		3FD7F9C6269100340007063E /* Main.storyboard */ = {
			isa = PBXVariantGroup;
			children = (
				3FD7F9C7269100340007063E /* Base */,
			);
			name = Main.storyboard;
			sourceTree = "<group>";
		};
		3FD7F9CB269100360007063E /* LaunchScreen.storyboard */ = {
			isa = PBXVariantGroup;
			children = (
				3FD7F9CC269100360007063E /* Base */,
			);
			name = LaunchScreen.storyboard;
			sourceTree = "<group>";
		};
/* End PBXVariantGroup section */

/* Begin XCBuildConfiguration section */
		3FD7F9E5269100360007063E /* Debug */ = {
			isa = XCBuildConfiguration;
			buildSettings = {
				ALWAYS_SEARCH_USER_PATHS = NO;
				CLANG_ANALYZER_NONNULL = YES;
				CLANG_ANALYZER_NUMBER_OBJECT_CONVERSION = YES_AGGRESSIVE;
				CLANG_CXX_LANGUAGE_STANDARD = "gnu++14";
				CLANG_CXX_LIBRARY = "libc++";
				CLANG_ENABLE_MODULES = YES;
				CLANG_ENABLE_OBJC_ARC = YES;
				CLANG_ENABLE_OBJC_WEAK = YES;
				CLANG_WARN_BLOCK_CAPTURE_AUTORELEASING = YES;
				CLANG_WARN_BOOL_CONVERSION = YES;
				CLANG_WARN_COMMA = YES;
				CLANG_WARN_CONSTANT_CONVERSION = YES;
				CLANG_WARN_DEPRECATED_OBJC_IMPLEMENTATIONS = YES;
				CLANG_WARN_DIRECT_OBJC_ISA_USAGE = YES_ERROR;
				CLANG_WARN_DOCUMENTATION_COMMENTS = YES;
				CLANG_WARN_EMPTY_BODY = YES;
				CLANG_WARN_ENUM_CONVERSION = YES;
				CLANG_WARN_INFINITE_RECURSION = YES;
				CLANG_WARN_INT_CONVERSION = YES;
				CLANG_WARN_NON_LITERAL_NULL_CONVERSION = YES;
				CLANG_WARN_OBJC_IMPLICIT_RETAIN_SELF = YES;
				CLANG_WARN_OBJC_LITERAL_CONVERSION = YES;
				CLANG_WARN_OBJC_ROOT_CLASS = YES_ERROR;
				CLANG_WARN_QUOTED_INCLUDE_IN_FRAMEWORK_HEADER = YES;
				CLANG_WARN_RANGE_LOOP_ANALYSIS = YES;
				CLANG_WARN_STRICT_PROTOTYPES = YES;
				CLANG_WARN_SUSPICIOUS_MOVE = YES;
				CLANG_WARN_UNGUARDED_AVAILABILITY = YES_AGGRESSIVE;
				CLANG_WARN_UNREACHABLE_CODE = YES;
				CLANG_WARN__DUPLICATE_METHOD_MATCH = YES;
				COPY_PHASE_STRIP = NO;
				DEBUG_INFORMATION_FORMAT = dwarf;
				ENABLE_STRICT_OBJC_MSGSEND = YES;
				ENABLE_TESTABILITY = YES;
				GCC_C_LANGUAGE_STANDARD = gnu11;
				GCC_DYNAMIC_NO_PIC = NO;
				GCC_NO_COMMON_BLOCKS = YES;
				GCC_OPTIMIZATION_LEVEL = 0;
				GCC_PREPROCESSOR_DEFINITIONS = (
					"DEBUG=1",
					"$(inherited)",
				);
				GCC_WARN_64_TO_32_BIT_CONVERSION = YES;
				GCC_WARN_ABOUT_RETURN_TYPE = YES_ERROR;
				GCC_WARN_UNDECLARED_SELECTOR = YES;
				GCC_WARN_UNINITIALIZED_AUTOS = YES_AGGRESSIVE;
				GCC_WARN_UNUSED_FUNCTION = YES;
				GCC_WARN_UNUSED_VARIABLE = YES;
				IPHONEOS_DEPLOYMENT_TARGET = 14.5;
				MTL_ENABLE_DEBUG_INFO = INCLUDE_SOURCE;
				MTL_FAST_MATH = YES;
				ONLY_ACTIVE_ARCH = YES;
				SDKROOT = iphoneos;
				SWIFT_ACTIVE_COMPILATION_CONDITIONS = DEBUG;
				SWIFT_OPTIMIZATION_LEVEL = "-Onone";
			};
			name = Debug;
		};
		3FD7F9E6269100360007063E /* Release */ = {
			isa = XCBuildConfiguration;
			buildSettings = {
				ALWAYS_SEARCH_USER_PATHS = NO;
				CLANG_ANALYZER_NONNULL = YES;
				CLANG_ANALYZER_NUMBER_OBJECT_CONVERSION = YES_AGGRESSIVE;
				CLANG_CXX_LANGUAGE_STANDARD = "gnu++14";
				CLANG_CXX_LIBRARY = "libc++";
				CLANG_ENABLE_MODULES = YES;
				CLANG_ENABLE_OBJC_ARC = YES;
				CLANG_ENABLE_OBJC_WEAK = YES;
				CLANG_WARN_BLOCK_CAPTURE_AUTORELEASING = YES;
				CLANG_WARN_BOOL_CONVERSION = YES;
				CLANG_WARN_COMMA = YES;
				CLANG_WARN_CONSTANT_CONVERSION = YES;
				CLANG_WARN_DEPRECATED_OBJC_IMPLEMENTATIONS = YES;
				CLANG_WARN_DIRECT_OBJC_ISA_USAGE = YES_ERROR;
				CLANG_WARN_DOCUMENTATION_COMMENTS = YES;
				CLANG_WARN_EMPTY_BODY = YES;
				CLANG_WARN_ENUM_CONVERSION = YES;
				CLANG_WARN_INFINITE_RECURSION = YES;
				CLANG_WARN_INT_CONVERSION = YES;
				CLANG_WARN_NON_LITERAL_NULL_CONVERSION = YES;
				CLANG_WARN_OBJC_IMPLICIT_RETAIN_SELF = YES;
				CLANG_WARN_OBJC_LITERAL_CONVERSION = YES;
				CLANG_WARN_OBJC_ROOT_CLASS = YES_ERROR;
				CLANG_WARN_QUOTED_INCLUDE_IN_FRAMEWORK_HEADER = YES;
				CLANG_WARN_RANGE_LOOP_ANALYSIS = YES;
				CLANG_WARN_STRICT_PROTOTYPES = YES;
				CLANG_WARN_SUSPICIOUS_MOVE = YES;
				CLANG_WARN_UNGUARDED_AVAILABILITY = YES_AGGRESSIVE;
				CLANG_WARN_UNREACHABLE_CODE = YES;
				CLANG_WARN__DUPLICATE_METHOD_MATCH = YES;
				COPY_PHASE_STRIP = NO;
				DEBUG_INFORMATION_FORMAT = "dwarf-with-dsym";
				ENABLE_NS_ASSERTIONS = NO;
				ENABLE_STRICT_OBJC_MSGSEND = YES;
				GCC_C_LANGUAGE_STANDARD = gnu11;
				GCC_NO_COMMON_BLOCKS = YES;
				GCC_WARN_64_TO_32_BIT_CONVERSION = YES;
				GCC_WARN_ABOUT_RETURN_TYPE = YES_ERROR;
				GCC_WARN_UNDECLARED_SELECTOR = YES;
				GCC_WARN_UNINITIALIZED_AUTOS = YES_AGGRESSIVE;
				GCC_WARN_UNUSED_FUNCTION = YES;
				GCC_WARN_UNUSED_VARIABLE = YES;
				IPHONEOS_DEPLOYMENT_TARGET = 14.5;
				MTL_ENABLE_DEBUG_INFO = NO;
				MTL_FAST_MATH = YES;
				SDKROOT = iphoneos;
				SWIFT_COMPILATION_MODE = wholemodule;
				SWIFT_OPTIMIZATION_LEVEL = "-O";
				VALIDATE_PRODUCT = YES;
			};
			name = Release;
		};
		3FD7F9E8269100360007063E /* Debug */ = {
			isa = XCBuildConfiguration;
			buildSettings = {
				ASSETCATALOG_COMPILER_APPICON_NAME = AppIcon;
				ASSETCATALOG_COMPILER_GLOBAL_ACCENT_COLOR_NAME = AccentColor;
				CODE_SIGN_STYLE = Automatic;
				DEVELOPMENT_TEAM = D45VE7748L;
				INFOPLIST_FILE = ZhongHaoCE02/Info.plist;
				LD_RUNPATH_SEARCH_PATHS = (
					"$(inherited)",
					"@executable_path/Frameworks",
				);
				PRODUCT_BUNDLE_IDENTIFIER = com.HaoZhong.ZhongHaoCE02;
				PRODUCT_NAME = "$(TARGET_NAME)";
				SWIFT_VERSION = 5.0;
				TARGETED_DEVICE_FAMILY = "1,2";
			};
			name = Debug;
		};
		3FD7F9E9269100360007063E /* Release */ = {
			isa = XCBuildConfiguration;
			buildSettings = {
				ASSETCATALOG_COMPILER_APPICON_NAME = AppIcon;
				ASSETCATALOG_COMPILER_GLOBAL_ACCENT_COLOR_NAME = AccentColor;
				CODE_SIGN_STYLE = Automatic;
				DEVELOPMENT_TEAM = D45VE7748L;
				INFOPLIST_FILE = ZhongHaoCE02/Info.plist;
				LD_RUNPATH_SEARCH_PATHS = (
					"$(inherited)",
					"@executable_path/Frameworks",
				);
				PRODUCT_BUNDLE_IDENTIFIER = com.HaoZhong.ZhongHaoCE02;
				PRODUCT_NAME = "$(TARGET_NAME)";
				SWIFT_VERSION = 5.0;
				TARGETED_DEVICE_FAMILY = "1,2";
			};
			name = Release;
		};
		3FD7F9EB269100360007063E /* Debug */ = {
			isa = XCBuildConfiguration;
			buildSettings = {
				ALWAYS_EMBED_SWIFT_STANDARD_LIBRARIES = YES;
				BUNDLE_LOADER = "$(TEST_HOST)";
				CODE_SIGN_STYLE = Automatic;
				DEVELOPMENT_TEAM = D45VE7748L;
				INFOPLIST_FILE = ZhongHaoCE02Tests/Info.plist;
				IPHONEOS_DEPLOYMENT_TARGET = 14.5;
				LD_RUNPATH_SEARCH_PATHS = (
					"$(inherited)",
					"@executable_path/Frameworks",
					"@loader_path/Frameworks",
				);
				PRODUCT_BUNDLE_IDENTIFIER = com.HaoZhong.ZhongHaoCE02Tests;
				PRODUCT_NAME = "$(TARGET_NAME)";
				SWIFT_VERSION = 5.0;
				TARGETED_DEVICE_FAMILY = "1,2";
				TEST_HOST = "$(BUILT_PRODUCTS_DIR)/ZhongHaoCE02.app/ZhongHaoCE02";
			};
			name = Debug;
		};
		3FD7F9EC269100360007063E /* Release */ = {
			isa = XCBuildConfiguration;
			buildSettings = {
				ALWAYS_EMBED_SWIFT_STANDARD_LIBRARIES = YES;
				BUNDLE_LOADER = "$(TEST_HOST)";
				CODE_SIGN_STYLE = Automatic;
				DEVELOPMENT_TEAM = D45VE7748L;
				INFOPLIST_FILE = ZhongHaoCE02Tests/Info.plist;
				IPHONEOS_DEPLOYMENT_TARGET = 14.5;
				LD_RUNPATH_SEARCH_PATHS = (
					"$(inherited)",
					"@executable_path/Frameworks",
					"@loader_path/Frameworks",
				);
				PRODUCT_BUNDLE_IDENTIFIER = com.HaoZhong.ZhongHaoCE02Tests;
				PRODUCT_NAME = "$(TARGET_NAME)";
				SWIFT_VERSION = 5.0;
				TARGETED_DEVICE_FAMILY = "1,2";
				TEST_HOST = "$(BUILT_PRODUCTS_DIR)/ZhongHaoCE02.app/ZhongHaoCE02";
			};
			name = Release;
		};
		3FD7F9EE269100360007063E /* Debug */ = {
			isa = XCBuildConfiguration;
			buildSettings = {
				ALWAYS_EMBED_SWIFT_STANDARD_LIBRARIES = YES;
				CODE_SIGN_STYLE = Automatic;
				DEVELOPMENT_TEAM = D45VE7748L;
				INFOPLIST_FILE = ZhongHaoCE02UITests/Info.plist;
				LD_RUNPATH_SEARCH_PATHS = (
					"$(inherited)",
					"@executable_path/Frameworks",
					"@loader_path/Frameworks",
				);
				PRODUCT_BUNDLE_IDENTIFIER = com.HaoZhong.ZhongHaoCE02UITests;
				PRODUCT_NAME = "$(TARGET_NAME)";
				SWIFT_VERSION = 5.0;
				TARGETED_DEVICE_FAMILY = "1,2";
				TEST_TARGET_NAME = ZhongHaoCE02;
			};
			name = Debug;
		};
		3FD7F9EF269100360007063E /* Release */ = {
			isa = XCBuildConfiguration;
			buildSettings = {
				ALWAYS_EMBED_SWIFT_STANDARD_LIBRARIES = YES;
				CODE_SIGN_STYLE = Automatic;
				DEVELOPMENT_TEAM = D45VE7748L;
				INFOPLIST_FILE = ZhongHaoCE02UITests/Info.plist;
				LD_RUNPATH_SEARCH_PATHS = (
					"$(inherited)",
					"@executable_path/Frameworks",
					"@loader_path/Frameworks",
				);
				PRODUCT_BUNDLE_IDENTIFIER = com.HaoZhong.ZhongHaoCE02UITests;
				PRODUCT_NAME = "$(TARGET_NAME)";
				SWIFT_VERSION = 5.0;
				TARGETED_DEVICE_FAMILY = "1,2";
				TEST_TARGET_NAME = ZhongHaoCE02;
			};
			name = Release;
		};
/* End XCBuildConfiguration section */

/* Begin XCConfigurationList section */
		3FD7F9B8269100340007063E /* Build configuration list for PBXProject "ZhongHaoCE02" */ = {
			isa = XCConfigurationList;
			buildConfigurations = (
				3FD7F9E5269100360007063E /* Debug */,
				3FD7F9E6269100360007063E /* Release */,
			);
			defaultConfigurationIsVisible = 0;
			defaultConfigurationName = Release;
		};
		3FD7F9E7269100360007063E /* Build configuration list for PBXNativeTarget "ZhongHaoCE02" */ = {
			isa = XCConfigurationList;
			buildConfigurations = (
				3FD7F9E8269100360007063E /* Debug */,
				3FD7F9E9269100360007063E /* Release */,
			);
			defaultConfigurationIsVisible = 0;
			defaultConfigurationName = Release;
		};
		3FD7F9EA269100360007063E /* Build configuration list for PBXNativeTarget "ZhongHaoCE02Tests" */ = {
			isa = XCConfigurationList;
			buildConfigurations = (
				3FD7F9EB269100360007063E /* Debug */,
				3FD7F9EC269100360007063E /* Release */,
			);
			defaultConfigurationIsVisible = 0;
			defaultConfigurationName = Release;
		};
		3FD7F9ED269100360007063E /* Build configuration list for PBXNativeTarget "ZhongHaoCE02UITests" */ = {
			isa = XCConfigurationList;
			buildConfigurations = (
				3FD7F9EE269100360007063E /* Debug */,
				3FD7F9EF269100360007063E /* Release */,
			);
			defaultConfigurationIsVisible = 0;
			defaultConfigurationName = Release;
		};
/* End XCConfigurationList section */
	};
	rootObject = 3FD7F9B5269100340007063E /* Project object */;
}
